
Microsoft Visual Studio Solution File, Format Version 12.00
# Visual Studio 15
VisualStudioVersion = 15.0.28307.1525
MinimumVisualStudioVersion = 10.0.40219.1
Project("{9A19103F-16F7-4668-BE54-9A1E7A4F7556}") = "Inventarioo.COMMON", "Inventarioo.COMMON\Inventarioo.COMMON.csproj", "{2E3DEDC5-94A6-437B-A2FA-CD4E84EBBF9E}"
EndProject
Project("{9A19103F-16F7-4668-BE54-9A1E7A4F7556}") = "Inventario.DAL", "Inventario.DAL\Inventario.DAL.csproj", "{9BA4D347-15B1-48A7-BB96-082F178135D6}"
EndProject
Project("{9A19103F-16F7-4668-BE54-9A1E7A4F7556}") = "Inventario.BIZ", "Inventario.BIZ\Inventario.BIZ.csproj", "{26885B4F-48A9-4BFF-B3EA-34743C8C20EC}"
EndProject
Project("{FAE04EC0-301F-11D3-BF4B-00C04F79EFBC}") = "Inventario.GUI.Administrador", "Inventario.GUI.Administrador\Inventario.GUI.Administrador.csproj", "{8700F06D-1E8C-4192-AB35-64C74BFA4DCD}"
EndProject
Project("{FAE04EC0-301F-11D3-BF4B-00C04F79EFBC}") = "Inventario.GUI.Almacen", "Inventario.GUI.Almacen\Inventario.GUI.Almacen.csproj", "{4B3E6A2B-7B96-41D3-9119-4EE07EB07E35}"
EndProject
Global
	GlobalSection(SolutionConfigurationPlatforms) = preSolution
		Debug|Any CPU = Debug|Any CPU
		Release|Any CPU = Release|Any CPU
	EndGlobalSection
	GlobalSection(ProjectConfigurationPlatforms) = postSolution
		{2E3DEDC5-94A6-437B-A2FA-CD4E84EBBF9E}.Debug|Any CPU.ActiveCfg = Debug|Any CPU
		{2E3DEDC5-94A6-437B-A2FA-CD4E84EBBF9E}.Debug|Any CPU.Build.0 = Debug|Any CPU
		{2E3DEDC5-94A6-437B-A2FA-CD4E84EBBF9E}.Release|Any CPU.ActiveCfg = Release|Any CPU
		{2E3DEDC5-94A6-437B-A2FA-CD4E84EBBF9E}.Release|Any CPU.Build.0 = Release|Any CPU
		{9BA4D347-15B1-48A7-BB96-082F178135D6}.Debug|Any CPU.ActiveCfg = Debug|Any CPU
		{9BA4D347-15B1-48A7-BB96-082F178135D6}.Debug|Any CPU.Build.0 = Debug|Any CPU
		{9BA4D347-15B1-48A7-BB96-082F178135D6}.Release|Any CPU.ActiveCfg = Release|Any CPU
		{9BA4D347-15B1-48A7-BB96-082F178135D6}.Release|Any CPU.Build.0 = Release|Any CPU
		{26885B4F-48A9-4BFF-B3EA-34743C8C20EC}.Debug|Any CPU.ActiveCfg = Debug|Any CPU
		{26885B4F-48A9-4BFF-B3EA-34743C8C20EC}.Debug|Any CPU.Build.0 = Debug|Any CPU
		{26885B4F-48A9-4BFF-B3EA-34743C8C20EC}.Release|Any CPU.ActiveCfg = Release|Any CPU
		{26885B4F-48A9-4BFF-B3EA-34743C8C20EC}.Release|Any CPU.Build.0 = Release|Any CPU
		{8700F06D-1E8C-4192-AB35-64C74BFA4DCD}.Debug|Any CPU.ActiveCfg = Debug|Any CPU
		{8700F06D-1E8C-4192-AB35-64C74BFA4DCD}.Debug|Any CPU.Build.0 = Debug|Any CPU
		{8700F06D-1E8C-4192-AB35-64C74BFA4DCD}.Release|Any CPU.ActiveCfg = Release|Any CPU
		{8700F06D-1E8C-4192-AB35-64C74BFA4DCD}.Release|Any CPU.Build.0 = Release|Any CPU
		{4B3E6A2B-7B96-41D3-9119-4EE07EB07E35}.Debug|Any CPU.ActiveCfg = Debug|Any CPU
		{4B3E6A2B-7B96-41D3-9119-4EE07EB07E35}.Debug|Any CPU.Build.0 = Debug|Any CPU
		{4B3E6A2B-7B96-41D3-9119-4EE07EB07E35}.Release|Any CPU.ActiveCfg = Release|Any CPU
		{4B3E6A2B-7B96-41D3-9119-4EE07EB07E35}.Release|Any CPU.Build.0 = Release|Any CPU
	EndGlobalSection
	GlobalSection(SolutionProperties) = preSolution
		HideSolutionNode = FALSE
	EndGlobalSection
	GlobalSection(ExtensibilityGlobals) = postSolution
		SolutionGuid = {B3FB0016-EA8E-4EF4-99CB-7F7E3AAE95C5}
	EndGlobalSection
EndGlobal
